<?xml version="1.0" encoding="utf-8"?>
<Project ToolsVersion="4.0" xmlns="http://schemas.microsoft.com/developer/msbuild/2003">
  <ItemGroup>
    <Filter Include="Source Files">
      <UniqueIdentifier>{4FC737F1-C7A5-4376-A066-2A32D752A2FF}</UniqueIdentifier>
      <Extensions>cpp;c;cc;cxx;def;odl;idl;hpj;bat;asm;asmx</Extensions>
    </Filter>
    <Filter Include="Header Files">
      <UniqueIdentifier>{93995380-89BD-4b04-88EB-625FBE52EBFB}</UniqueIdentifier>
      <Extensions>h;hh;hpp;hxx;hm;inl;inc;xsd</Extensions>
    </Filter>
    <Filter Include="Resource Files">
      <UniqueIdentifier>{67DA6AB6-F800-4c08-8B7A-83BB121AAD01}</UniqueIdentifier>
      <Extensions>rc;ico;cur;bmp;dlg;rc2;rct;bin;rgs;gif;jpg;jpeg;jpe;resx;tiff;tif;png;wav;mfcribbon-ms</Extensions>
    </Filter>
    <Filter Include="ImGui">
      <UniqueIdentifier>{4c82a7b5-8b34-4e7f-806f-4e1bec83db17}</UniqueIdentifier>
    </Filter>
    <Filter Include="ImGui_SDL">
      <UniqueIdentifier>{e268ee36-f253-4e8a-beb9-edc75359b1d8}</UniqueIdentifier>
    </Filter>
    <Filter Include="Scenes">
      <UniqueIdentifier>{5815f7db-2606-4a9a-bb95-88dfabdda6c1}</UniqueIdentifier>
    </Filter>
    <Filter Include="Game Objects">
      <UniqueIdentifier>{4df01ff0-0e04-4c4d-ac5d-b7efa07fd705}</UniqueIdentifier>
    </Filter>
    <Filter Include="Header Files\ShipComponents">
      <UniqueIdentifier>{35dacda4-f0b6-4b80-8658-16bef8c9ff0a}</UniqueIdentifier>
    </Filter>
    <Filter Include="Source Files\ShipComponents">
      <UniqueIdentifier>{7be16ab5-627b-400d-9632-231d2c50c6ad}</UniqueIdentifier>
    </Filter>
    <Filter Include="Header Files\GameObjects">
      <UniqueIdentifier>{ca80f9cf-396a-4b47-bbd3-cb22d4db86fc}</UniqueIdentifier>
    </Filter>
    <Filter Include="Source Files\GameObjects">
      <UniqueIdentifier>{771bfa44-2e71-43bd-b2ff-f0b153747261}</UniqueIdentifier>
    </Filter>
    <Filter Include="Header Files\AIs">
      <UniqueIdentifier>{456e630c-62a8-4200-b39f-1bbee8faa0a3}</UniqueIdentifier>
    </Filter>
    <Filter Include="Source Files\AIs">
      <UniqueIdentifier>{94126cb0-cd9c-410b-9582-7509689331bc}</UniqueIdentifier>
    </Filter>
    <Filter Include="Enum">
      <UniqueIdentifier>{4367ba6f-2a15-47fa-b626-eed37cf3d769}</UniqueIdentifier>
    </Filter>
  </ItemGroup>
  <ItemGroup>
    <ClCompile Include="..\src\main.cpp">
      <Filter>Source Files</Filter>
    </ClCompile>
    <ClCompile Include="..\src\Game.cpp">
      <Filter>Source Files</Filter>
    </ClCompile>
    <ClCompile Include="..\src\TextureManager.cpp">
      <Filter>Source Files</Filter>
    </ClCompile>
    <ClCompile Include="..\src\SoundManager.cpp">
      <Filter>Source Files</Filter>
    </ClCompile>
    <ClCompile Include="..\src\CollisionManager.cpp">
      <Filter>Source Files</Filter>
    </ClCompile>
    <ClCompile Include="..\src\Util.cpp">
      <Filter>Source Files</Filter>
    </ClCompile>
    <ClCompile Include="..\include\IMGUI\imgui.cpp">
      <Filter>ImGui</Filter>
    </ClCompile>
    <ClCompile Include="..\include\IMGUI\imgui_demo.cpp">
      <Filter>ImGui</Filter>
    </ClCompile>
    <ClCompile Include="..\include\IMGUI\imgui_draw.cpp">
      <Filter>ImGui</Filter>
    </ClCompile>
    <ClCompile Include="..\include\IMGUI\imgui_widgets.cpp">
      <Filter>ImGui</Filter>
    </ClCompile>
    <ClCompile Include="..\include\IMGUI_SDL\imgui_sdl.cpp">
      <Filter>ImGui_SDL</Filter>
    </ClCompile>
    <ClCompile Include="..\src\FontManager.cpp">
      <Filter>Source Files</Filter>
    </ClCompile>
    <ClCompile Include="..\src\Scene.cpp">
      <Filter>Source Files</Filter>
    </ClCompile>
    <ClCompile Include="..\src\Label.cpp">
      <Filter>Game Objects</Filter>
    </ClCompile>
    <ClCompile Include="..\src\Target.cpp">
      <Filter>Game Objects</Filter>
    </ClCompile>
    <ClCompile Include="..\src\StartScene.cpp">
      <Filter>Scenes</Filter>
    </ClCompile>
    <ClCompile Include="..\src\EndScene.cpp">
      <Filter>Scenes</Filter>
    </ClCompile>
    <ClCompile Include="..\src\DisplayObject.cpp">
      <Filter>Source Files</Filter>
    </ClCompile>
    <ClCompile Include="..\src\BasicBody.cpp">
      <Filter>Source Files\ShipComponents</Filter>
    </ClCompile>
    <ClCompile Include="..\src\ShipComponent.cpp">
      <Filter>Source Files\ShipComponents</Filter>
    </ClCompile>
    <ClCompile Include="..\src\Frame.cpp">
      <Filter>Source Files</Filter>
    </ClCompile>
    <ClCompile Include="..\src\Blank.cpp">
      <Filter>Source Files\ShipComponents</Filter>
    </ClCompile>
    <ClCompile Include="..\src\IndesBody.cpp">
      <Filter>Source Files\ShipComponents</Filter>
    </ClCompile>
    <ClCompile Include="..\src\GameObject.cpp">
      <Filter>Source Files\GameObjects</Filter>
    </ClCompile>
    <ClCompile Include="..\src\Enemy.cpp">
      <Filter>Source Files\GameObjects</Filter>
    </ClCompile>
    <ClCompile Include="..\src\AI.cpp">
      <Filter>Source Files\AIs</Filter>
    </ClCompile>
    <ClCompile Include="..\src\PlayerLockAI.cpp">
      <Filter>Source Files\AIs</Filter>
    </ClCompile>
    <ClCompile Include="..\src\RamAI.cpp">
      <Filter>Source Files\AIs</Filter>
    </ClCompile>
    <ClCompile Include="..\src\EnemyMissileAI.cpp">
      <Filter>Source Files\AIs</Filter>
    </ClCompile>
    <ClCompile Include="..\src\ZigzagAI.cpp">
      <Filter>Source Files\AIs</Filter>
    </ClCompile>
    <ClCompile Include="..\src\FlyOntoScreenAI.cpp">
      <Filter>Source Files\AIs</Filter>
    </ClCompile>
    <ClCompile Include="..\src\BlasterSkiffAI.cpp">
      <Filter>Source Files\AIs</Filter>
    </ClCompile>
    <ClCompile Include="..\src\FirebrandAI.cpp">
      <Filter>Source Files\AIs</Filter>
    </ClCompile>
    <ClCompile Include="..\src\FireBargeAI.cpp">
      <Filter>Source Files\AIs</Filter>
    </ClCompile>
    <ClCompile Include="..\src\MissileBargeAI.cpp">
      <Filter>Source Files\AIs</Filter>
    </ClCompile>
    <ClCompile Include="..\src\CannonBargeAI.cpp">
      <Filter>Source Files\AIs</Filter>
    </ClCompile>
    <ClCompile Include="..\src\CannonlordAI.cpp">
      <Filter>Source Files\AIs</Filter>
    </ClCompile>
    <ClCompile Include="..\src\DeathcageAI.cpp">
      <Filter>Source Files\AIs</Filter>
    </ClCompile>
    <ClCompile Include="..\src\Level3.cpp">
      <Filter>Scenes</Filter>
    </ClCompile>
    <ClCompile Include="..\src\LevelScene.cpp">
      <Filter>Scenes</Filter>
    </ClCompile>
    <ClCompile Include="..\src\PlayerShip.cpp">
      <Filter>Source Files\GameObjects</Filter>
    </ClCompile>
    <ClCompile Include="..\src\WeaponMissile.cpp">
      <Filter>Source Files\GameObjects</Filter>
    </ClCompile>
    <ClCompile Include="..\src\Weapon.cpp">
      <Filter>Source Files\ShipComponents</Filter>
    </ClCompile>
    <ClCompile Include="..\src\MissileLauncher.cpp">
      <Filter>Source Files\ShipComponents</Filter>
    </ClCompile>
    <ClCompile Include="..\src\Cannon.cpp">
      <Filter>Source Files\ShipComponents</Filter>
    </ClCompile>
    <ClCompile Include="..\src\Flamethrower.cpp">
      <Filter>Source Files\ShipComponents</Filter>
    </ClCompile>
    <ClCompile Include="..\src\Button.cpp">
      <Filter>Game Objects</Filter>
    </ClCompile>
    <ClCompile Include="..\src\Level1.cpp">
      <Filter>Scenes</Filter>
    </ClCompile>
    <ClCompile Include="..\src\Player.cpp">
      <Filter>Game Objects</Filter>
    </ClCompile>
    <ClCompile Include="..\src\Map.cpp">
      <Filter>Source Files\GameObjects</Filter>
    </ClCompile>
    <ClCompile Include="..\src\CannoneerAI.cpp">
      <Filter>Source Files\AIs</Filter>
    </ClCompile>
    <ClCompile Include="..\src\GuardianAI.cpp">
      <Filter>Source Files\AIs</Filter>
    </ClCompile>
    <ClCompile Include="..\src\DiagonAI.cpp">
      <Filter>Source Files\AIs</Filter>
    </ClCompile>
    <ClCompile Include="..\src\BlastAI.cpp">
      <Filter>Source Files\AIs</Filter>
    </ClCompile>
    <ClCompile Include="..\src\RainAI.cpp">
      <Filter>Source Files\AIs</Filter>
    </ClCompile>
    <ClCompile Include="..\src\PlayerWeapon.cpp">
      <Filter>Source Files\GameObjects</Filter>
    </ClCompile>
    <ClCompile Include="..\src\Start_Scene_Bg.cpp">
      <Filter>Source Files\GameObjects</Filter>
    </ClCompile>
    <ClCompile Include="..\src\StartButton.cpp">
      <Filter>Source Files\GameObjects</Filter>
    </ClCompile>
    <ClCompile Include="..\src\EnemyCannonballAI.cpp">
      <Filter>Source Files\AIs</Filter>
    </ClCompile>
    <ClCompile Include="..\src\Cannonball.cpp">
      <Filter>Source Files\GameObjects</Filter>
    </ClCompile>
    <ClCompile Include="..\src\Control_Img.cpp">
      <Filter>Source Files\GameObjects</Filter>
    </ClCompile>
    <ClCompile Include="..\src\FlameThrowerWeapon.cpp">
      <Filter>Source Files\GameObjects</Filter>
    </ClCompile>
    <ClCompile Include="..\src\Vector2.cpp">
      <Filter>Source Files</Filter>
    </ClCompile>
    <ClCompile Include="..\src\Game_Over_Bg.cpp">
      <Filter>Source Files\GameObjects</Filter>
    </ClCompile>
    <ClCompile Include="..\src\Shield.cpp">
      <Filter>Source Files\GameObjects</Filter>
    </ClCompile>
    <ClCompile Include="..\src\Level3Button.cpp">
      <Filter>Source Files\GameObjects</Filter>
    </ClCompile>
  </ItemGroup>
  <ItemGroup>
    <ClInclude Include="..\src\Game.h">
      <Filter>Header Files</Filter>
    </ClInclude>
    <ClInclude Include="..\src\TextureManager.h">
      <Filter>Header Files</Filter>
    </ClInclude>
    <ClInclude Include="..\src\SoundManager.h">
      <Filter>Header Files</Filter>
    </ClInclude>
    <ClInclude Include="..\src\CollisionManager.h">
      <Filter>Header Files</Filter>
    </ClInclude>
    <ClInclude Include="..\src\Util.h">
      <Filter>Header Files</Filter>
    </ClInclude>
    <ClInclude Include="..\include\IMGUI\imconfig.h">
      <Filter>ImGui</Filter>
    </ClInclude>
    <ClInclude Include="..\include\IMGUI\imgui.h">
      <Filter>ImGui</Filter>
    </ClInclude>
    <ClInclude Include="..\include\IMGUI\imgui_internal.h">
      <Filter>ImGui</Filter>
    </ClInclude>
    <ClInclude Include="..\include\IMGUI\imstb_rectpack.h">
      <Filter>ImGui</Filter>
    </ClInclude>
    <ClInclude Include="..\include\IMGUI\imstb_textedit.h">
      <Filter>ImGui</Filter>
    </ClInclude>
    <ClInclude Include="..\include\IMGUI\imstb_truetype.h">
      <Filter>ImGui</Filter>
    </ClInclude>
    <ClInclude Include="..\include\IMGUI_SDL\imgui_sdl.h">
      <Filter>ImGui_SDL</Filter>
    </ClInclude>
    <ClInclude Include="..\src\FontManager.h">
      <Filter>Header Files</Filter>
    </ClInclude>
    <ClInclude Include="..\src\Config.h">
      <Filter>Header Files</Filter>
    </ClInclude>
    <ClInclude Include="..\src\Scene.h">
      <Filter>Header Files</Filter>
    </ClInclude>
    <ClInclude Include="..\src\Label.h">
      <Filter>Game Objects</Filter>
    </ClInclude>
    <ClInclude Include="..\src\Target.h">
      <Filter>Game Objects</Filter>
    </ClInclude>
    <ClInclude Include="..\src\StartScene.h">
      <Filter>Scenes</Filter>
    </ClInclude>
    <ClInclude Include="..\src\EndScene.h">
      <Filter>Scenes</Filter>
    </ClInclude>
    <ClInclude Include="..\src\DisplayObject.h">
      <Filter>Header Files</Filter>
    </ClInclude>
    <ClInclude Include="..\src\BasicBody.h">
      <Filter>Header Files\ShipComponents</Filter>
    </ClInclude>
    <ClInclude Include="..\src\ShipComponent.h">
      <Filter>Header Files\ShipComponents</Filter>
    </ClInclude>
    <ClInclude Include="..\src\Frame.h">
      <Filter>Header Files</Filter>
    </ClInclude>
    <ClInclude Include="..\src\IndesBody.h">
      <Filter>Header Files\ShipComponents</Filter>
    </ClInclude>
    <ClInclude Include="..\src\Blank.h">
      <Filter>Header Files\ShipComponents</Filter>
    </ClInclude>
    <ClInclude Include="..\src\GameObject.h">
      <Filter>Header Files\GameObjects</Filter>
    </ClInclude>
    <ClInclude Include="..\src\Enemy.h">
      <Filter>Header Files\GameObjects</Filter>
    </ClInclude>
    <ClInclude Include="..\src\AI.h">
      <Filter>Header Files\AIs</Filter>
    </ClInclude>
    <ClInclude Include="..\src\PlayerLockAI.h">
      <Filter>Header Files\AIs</Filter>
    </ClInclude>
    <ClInclude Include="..\src\RamAI.h">
      <Filter>Header Files\AIs</Filter>
    </ClInclude>
    <ClInclude Include="..\src\EnemyMissileAI.h">
      <Filter>Header Files\AIs</Filter>
    </ClInclude>
    <ClInclude Include="..\src\ZigzagAI.h">
      <Filter>Header Files\AIs</Filter>
    </ClInclude>
    <ClInclude Include="..\src\FlyOntoScreenAI.h">
      <Filter>Header Files\AIs</Filter>
    </ClInclude>
    <ClInclude Include="..\src\BlasterSkiffAI.h">
      <Filter>Header Files\AIs</Filter>
    </ClInclude>
    <ClInclude Include="..\src\FirebrandAI.h">
      <Filter>Header Files\AIs</Filter>
    </ClInclude>
    <ClInclude Include="..\src\FireBargeAI.h">
      <Filter>Header Files\AIs</Filter>
    </ClInclude>
    <ClInclude Include="..\src\MissileBargeAI.h">
      <Filter>Header Files\AIs</Filter>
    </ClInclude>
    <ClInclude Include="..\src\CannonBargeAI.h">
      <Filter>Header Files\AIs</Filter>
    </ClInclude>
    <ClInclude Include="..\src\CannonlordAI.h">
      <Filter>Header Files\AIs</Filter>
    </ClInclude>
    <ClInclude Include="..\src\DeathcageAI.h">
      <Filter>Header Files\AIs</Filter>
    </ClInclude>
    <ClInclude Include="..\src\Level3.h">
      <Filter>Scenes</Filter>
    </ClInclude>
    <ClInclude Include="..\src\LevelScene.h">
      <Filter>Scenes</Filter>
    </ClInclude>
    <ClInclude Include="..\src\PlayerShip.h">
      <Filter>Header Files\GameObjects</Filter>
    </ClInclude>
    <ClInclude Include="..\src\WeaponMissile.h">
      <Filter>Header Files\GameObjects</Filter>
    </ClInclude>
    <ClInclude Include="..\src\Weapon.h">
      <Filter>Header Files\ShipComponents</Filter>
    </ClInclude>
    <ClInclude Include="..\src\MissileLauncher.h">
      <Filter>Header Files\ShipComponents</Filter>
    </ClInclude>
    <ClInclude Include="..\src\Cannon.h">
      <Filter>Header Files\ShipComponents</Filter>
    </ClInclude>
    <ClInclude Include="..\src\Flamethrower.h">
      <Filter>Header Files\ShipComponents</Filter>
    </ClInclude>
    <ClInclude Include="..\src\Button.h">
      <Filter>Game Objects</Filter>
    </ClInclude>
    <ClInclude Include="..\src\Level1.h">
      <Filter>Scenes</Filter>
    </ClInclude>
    <ClInclude Include="..\src\Player.h">
      <Filter>Game Objects</Filter>
    </ClInclude>
    <ClInclude Include="..\src\GameObjectType.h">
      <Filter>Enum</Filter>
    </ClInclude>
    <ClInclude Include="..\src\Move.h">
      <Filter>Enum</Filter>
    </ClInclude>
    <ClInclude Include="..\src\Map.h">
      <Filter>Header Files\GameObjects</Filter>
    </ClInclude>
    <ClInclude Include="..\src\CannoneerAI.h">
      <Filter>Header Files\AIs</Filter>
    </ClInclude>
    <ClInclude Include="..\src\GuardianAI.h">
      <Filter>Header Files\AIs</Filter>
    </ClInclude>
    <ClInclude Include="..\src\DiagonAI.h">
      <Filter>Header Files\AIs</Filter>
    </ClInclude>
    <ClInclude Include="..\src\BlastAI.h">
      <Filter>Header Files\AIs</Filter>
    </ClInclude>
    <ClInclude Include="..\src\RainAI.h">
      <Filter>Header Files\AIs</Filter>
    </ClInclude>
    <ClInclude Include="..\src\PlayerWeapon.h">
      <Filter>Header Files\GameObjects</Filter>
    </ClInclude>
    <ClInclude Include="..\src\Start_Scene_Bg.h">
      <Filter>Header Files</Filter>
    </ClInclude>
    <ClInclude Include="..\src\StartButton.h">
      <Filter>Source Files\GameObjects</Filter>
    </ClInclude>
    <ClInclude Include="..\src\EnemyCannonballAI.h">
      <Filter>Header Files\AIs</Filter>
    </ClInclude>
    <ClInclude Include="..\src\Cannonball.h">
      <Filter>Header Files\GameObjects</Filter>
    </ClInclude>
    <ClInclude Include="..\src\Control_Img.h">
      <Filter>Source Files\GameObjects</Filter>
    </ClInclude>
    <ClInclude Include="..\src\FlameThrowerWeapon.h">
      <Filter>Header Files\GameObjects</Filter>
    </ClInclude>
    <ClInclude Include="..\src\Vector2.h">
      <Filter>Header Files</Filter>
    </ClInclude>
    <ClInclude Include="..\src\Game_Over_Bg.h">
      <Filter>Header Files</Filter>
    </ClInclude>
    <ClInclude Include="..\src\Shield.h">
      <Filter>Header Files</Filter>
    </ClInclude>
    <ClInclude Include="..\src\Level3Button.h">
      <Filter>Source Files\GameObjects</Filter>
    </ClInclude>
  </ItemGroup>
</Project>